
Microsoft Visual Studio Solution File, Format Version 12.00
# Visual Studio Version 16
VisualStudioVersion = 16.0.31729.503
MinimumVisualStudioVersion = 10.0.40219.1
Project("{FAE04EC0-301F-11D3-BF4B-00C04F79EFBC}") = "BTS206-20703014-BurakTorun", "BTS206-20703014-BurakTorun\BTS206-20703014-BurakTorun.csproj", "{ED3C953A-4EDC-4339-82DB-5E9902142D45}"
EndProject
Global
	GlobalSection(SolutionConfigurationPlatforms) = preSolution
		Debug|Any CPU = Debug|Any CPU
		Release|Any CPU = Release|Any CPU
	EndGlobalSection
	GlobalSection(ProjectConfigurationPlatforms) = postSolution
		{ED3C953A-4EDC-4339-82DB-5E9902142D45}.Debug|Any CPU.ActiveCfg = Debug|Any CPU
		{ED3C953A-4EDC-4339-82DB-5E9902142D45}.Debug|Any CPU.Build.0 = Debug|Any CPU
		{ED3C953A-4EDC-4339-82DB-5E9902142D45}.Release|Any CPU.ActiveCfg = Release|Any CPU
		{ED3C953A-4EDC-4339-82DB-5E9902142D45}.Release|Any CPU.Build.0 = Release|Any CPU
	EndGlobalSection
	GlobalSection(SolutionProperties) = preSolution
		HideSolutionNode = FALSE
	EndGlobalSection
	GlobalSection(ExtensibilityGlobals) = postSolution
		SolutionGuid = {094081A4-3073-45AF-854A-27AB49620111}
	EndGlobalSection
EndGlobal
